
Microsoft Visual Studio Solution File, Format Version 12.00
# Visual Studio 15
VisualStudioVersion = 15.0.28307.539
MinimumVisualStudioVersion = 10.0.40219.1
Project("{FAE04EC0-301F-11D3-BF4B-00C04F79EFBC}") = "UserProfileExample", "UserProfileExample\UserProfileExample.csproj", "{621426A5-6F43-4CBD-BA3E-E7EF604EF122}"
EndProject
Global
	GlobalSection(SolutionConfigurationPlatforms) = preSolution
		Debug|Any CPU = Debug|Any CPU
		Release|Any CPU = Release|Any CPU
	EndGlobalSection
	GlobalSection(ProjectConfigurationPlatforms) = postSolution
		{621426A5-6F43-4CBD-BA3E-E7EF604EF122}.Debug|Any CPU.ActiveCfg = Debug|Any CPU
		{621426A5-6F43-4CBD-BA3E-E7EF604EF122}.Debug|Any CPU.Build.0 = Debug|Any CPU
		{621426A5-6F43-4CBD-BA3E-E7EF604EF122}.Release|Any CPU.ActiveCfg = Release|Any CPU
		{621426A5-6F43-4CBD-BA3E-E7EF604EF122}.Release|Any CPU.Build.0 = Release|Any CPU
	EndGlobalSection
	GlobalSection(SolutionProperties) = preSolution
		HideSolutionNode = FALSE
	EndGlobalSection
	GlobalSection(ExtensibilityGlobals) = postSolution
		SolutionGuid = {50957AC7-4083-4BB2-9239-5F3B755F4B56}
	EndGlobalSection
EndGlobal
